{
  "name": "parse-metadata",
  "version": "1.0.0",
  "lockfileVersion": 1,
  "requires": true,
  "dependencies": {
    "domino": {
      "version": "2.1.4",
      "resolved": "https://registry.npmjs.org/domino/-/domino-2.1.4.tgz",
      "integrity": "sha512-l70mlQ7IjPKC8kT7GljQXJZmt5OqFL+RE91ik5y5WWQtsd9wP8R7gpFnNu96fK5MqAAZRXfLLsnzKtkty5fWGQ=="
    },
    "node-fetch": {
      "version": "2.6.1",
      "resolved": "https://registry.npmjs.org/node-fetch/-/node-fetch-2.6.1.tgz",
      "integrity": "sha512-V4aYg89jEoVRxRb2fJdAg8FHvI7cEyYdVAh94HH0UIK8oJxUfkjlDQN9RbMx+bEjP7+ggMiFRprSti032Oipxw=="
    },
    "page-metadata-parser": {
      "version": "1.1.4",
      "resolved": "https://registry.npmjs.org/page-metadata-parser/-/page-metadata-parser-1.1.4.tgz",
      "integrity": "sha512-TbPNw7GddbHs4c2DyYinFvh51BVsaMfdrweeylzGlg8qeuzALGxq2NF+6jbmeKc7DnU2BZRDOuWNnEjDwUSqRQ=="
    }
  }
}
